
Microsoft Visual Studio Solution File, Format Version 12.00
# Visual Studio Version 17
VisualStudioVersion = 17.7.34024.191
MinimumVisualStudioVersion = 10.0.40219.1
Project("{8BC9CEB8-8B4A-11D0-8D11-00A0C91BC942}") = "Laba 7.3 rec", "Laba 7.3 rec\Laba 7.3 rec.vcxproj", "{C53AA760-A4B4-44C3-A042-56E1E1ECF898}"
EndProject
Project("{8BC9CEB8-8B4A-11D0-8D11-00A0C91BC942}") = "Test 3.3.2", "Test 3.3.2\Test 3.3.2.vcxproj", "{FFEC94ED-2D13-43CF-8978-92EF25970BC8}"
EndProject
Global
	GlobalSection(SolutionConfigurationPlatforms) = preSolution
		Debug|x64 = Debug|x64
		Debug|x86 = Debug|x86
		Release|x64 = Release|x64
		Release|x86 = Release|x86
	EndGlobalSection
	GlobalSection(ProjectConfigurationPlatforms) = postSolution
		{C53AA760-A4B4-44C3-A042-56E1E1ECF898}.Debug|x64.ActiveCfg = Debug|x64
		{C53AA760-A4B4-44C3-A042-56E1E1ECF898}.Debug|x64.Build.0 = Debug|x64
		{C53AA760-A4B4-44C3-A042-56E1E1ECF898}.Debug|x86.ActiveCfg = Debug|Win32
		{C53AA760-A4B4-44C3-A042-56E1E1ECF898}.Debug|x86.Build.0 = Debug|Win32
		{C53AA760-A4B4-44C3-A042-56E1E1ECF898}.Release|x64.ActiveCfg = Release|x64
		{C53AA760-A4B4-44C3-A042-56E1E1ECF898}.Release|x64.Build.0 = Release|x64
		{C53AA760-A4B4-44C3-A042-56E1E1ECF898}.Release|x86.ActiveCfg = Release|Win32
		{C53AA760-A4B4-44C3-A042-56E1E1ECF898}.Release|x86.Build.0 = Release|Win32
		{FFEC94ED-2D13-43CF-8978-92EF25970BC8}.Debug|x64.ActiveCfg = Debug|x64
		{FFEC94ED-2D13-43CF-8978-92EF25970BC8}.Debug|x64.Build.0 = Debug|x64
		{FFEC94ED-2D13-43CF-8978-92EF25970BC8}.Debug|x86.ActiveCfg = Debug|Win32
		{FFEC94ED-2D13-43CF-8978-92EF25970BC8}.Debug|x86.Build.0 = Debug|Win32
		{FFEC94ED-2D13-43CF-8978-92EF25970BC8}.Release|x64.ActiveCfg = Release|x64
		{FFEC94ED-2D13-43CF-8978-92EF25970BC8}.Release|x64.Build.0 = Release|x64
		{FFEC94ED-2D13-43CF-8978-92EF25970BC8}.Release|x86.ActiveCfg = Release|Win32
		{FFEC94ED-2D13-43CF-8978-92EF25970BC8}.Release|x86.Build.0 = Release|Win32
	EndGlobalSection
	GlobalSection(SolutionProperties) = preSolution
		HideSolutionNode = FALSE
	EndGlobalSection
	GlobalSection(ExtensibilityGlobals) = postSolution
		SolutionGuid = {2187343C-8CEC-4AA1-9DD0-FDF614546515}
	EndGlobalSection
EndGlobal
